<Solution>
  <Project Path="ImmatureBackend.Application/ImmatureBackend.Application.csproj" />
  <Project Path="ImmatureBackend.csproj" />
  <Project Path="ImmatureBackend.Data/ImmatureBackend.Data.csproj" />
  <Project Path="ImmatureBackend.Resources/ImmatureBackend.Resources.csproj" />
</Solution>
